
Microsoft Visual Studio Solution File, Format Version 12.00
# Visual Studio Version 16
VisualStudioVersion = 16.0.32228.343
MinimumVisualStudioVersion = 10.0.40219.1
Project("{FAE04EC0-301F-11D3-BF4B-00C04F79EFBC}") = "RabbitOM.Streaming.Tests.ConsoleApp", "RabbitOM.Streaming.Tests.ConsoleApp\RabbitOM.Streaming.Tests.ConsoleApp.csproj", "{14469407-333C-403D-9F72-1F8C6DB39928}"
EndProject
Project("{FAE04EC0-301F-11D3-BF4B-00C04F79EFBC}") = "RabbitOM.Streaming", "RabbitOM.Streaming\RabbitOM.Streaming.csproj", "{09233582-17ED-40D4-BC6A-309ECFDB116B}"
EndProject
Project("{FAE04EC0-301F-11D3-BF4B-00C04F79EFBC}") = "RabbitOM.Streaming.Tests", "RabbitOM.Streaming.Tests\RabbitOM.Streaming.Tests.csproj", "{E62883C2-C01C-4CA8-A9F0-AADA70DAB34B}"
EndProject
Project("{2150E333-8FDC-42A3-9474-1A3956D46DE8}") = "Resources", "Resources", "{18F3B9A7-EC4B-4C77-B5C1-A0E81B0DE1D9}"
	ProjectSection(SolutionItems) = preProject
		README.md = README.md
	EndProjectSection
EndProject
Project("{2150E333-8FDC-42A3-9474-1A3956D46DE8}") = "Data", "Data", "{C8BA138C-6603-4FBC-8033-5F6ED9E3D6D8}"
	ProjectSection(SolutionItems) = preProject
		Resources\Data\SDPSample.txt = Resources\Data\SDPSample.txt
	EndProjectSection
EndProject
Global
	GlobalSection(SolutionConfigurationPlatforms) = preSolution
		Debug|Any CPU = Debug|Any CPU
		Release|Any CPU = Release|Any CPU
	EndGlobalSection
	GlobalSection(ProjectConfigurationPlatforms) = postSolution
		{09233582-17ED-40D4-BC6A-309ECFDB116B}.Debug|Any CPU.ActiveCfg = Debug|Any CPU
		{09233582-17ED-40D4-BC6A-309ECFDB116B}.Debug|Any CPU.Build.0 = Debug|Any CPU
		{09233582-17ED-40D4-BC6A-309ECFDB116B}.Release|Any CPU.ActiveCfg = Release|Any CPU
		{09233582-17ED-40D4-BC6A-309ECFDB116B}.Release|Any CPU.Build.0 = Release|Any CPU
		{E62883C2-C01C-4CA8-A9F0-AADA70DAB34B}.Debug|Any CPU.ActiveCfg = Debug|Any CPU
		{E62883C2-C01C-4CA8-A9F0-AADA70DAB34B}.Debug|Any CPU.Build.0 = Debug|Any CPU
		{E62883C2-C01C-4CA8-A9F0-AADA70DAB34B}.Release|Any CPU.ActiveCfg = Release|Any CPU
		{E62883C2-C01C-4CA8-A9F0-AADA70DAB34B}.Release|Any CPU.Build.0 = Release|Any CPU
		{14469407-333C-403D-9F72-1F8C6DB39928}.Debug|Any CPU.ActiveCfg = Debug|Any CPU
		{14469407-333C-403D-9F72-1F8C6DB39928}.Debug|Any CPU.Build.0 = Debug|Any CPU
		{14469407-333C-403D-9F72-1F8C6DB39928}.Release|Any CPU.ActiveCfg = Release|Any CPU
		{14469407-333C-403D-9F72-1F8C6DB39928}.Release|Any CPU.Build.0 = Release|Any CPU
	EndGlobalSection
	GlobalSection(SolutionProperties) = preSolution
		HideSolutionNode = FALSE
	EndGlobalSection
	GlobalSection(NestedProjects) = preSolution
		{C8BA138C-6603-4FBC-8033-5F6ED9E3D6D8} = {18F3B9A7-EC4B-4C77-B5C1-A0E81B0DE1D9}
	EndGlobalSection
	GlobalSection(ExtensibilityGlobals) = postSolution
		SolutionGuid = {1B4AD862-E72F-4EE0-8635-83FD58C5B14A}
	EndGlobalSection
EndGlobal
